
Microsoft Visual Studio Solution File, Format Version 12.00
# Visual Studio Version 17
VisualStudioVersion = 17.0.31903.59
MinimumVisualStudioVersion = 10.0.40219.1
Project("{2150E333-8FDC-42A3-9474-1A3956D46DE8}") = "src", "src", "{827E0CD3-B72D-47B6-A68D-7590B98EB39B}"
EndProject
Project("{FAE04EC0-301F-11D3-BF4B-00C04F79EFBC}") = "Game", "src\Game\Game.csproj", "{56D8112E-F13F-4DB4-AC18-B49E31E653F9}"
EndProject
Project("{FAE04EC0-301F-11D3-BF4B-00C04F79EFBC}") = "Protocol.Generator", "src\Protocol.Generator\Protocol.Generator.csproj", "{A00B963C-2EFD-472F-A673-3861078FFC71}"
EndProject
Project("{FAE04EC0-301F-11D3-BF4B-00C04F79EFBC}") = "Client", "src\Client\Client.csproj", "{E93A106B-4592-4A61-901E-7DA3133BEDA5}"
EndProject
Project("{FAE04EC0-301F-11D3-BF4B-00C04F79EFBC}") = "Audio.Ncsf", "src\Audio.Ncsf\Audio.Ncsf.csproj", "{5F5E82DA-EBC6-460F-95F6-383D8EB0523E}"
EndProject
Project("{FAE04EC0-301F-11D3-BF4B-00C04F79EFBC}") = "Tools", "src\Tools\Tools.csproj", "{B830642A-9288-4074-B6DF-5DC7E1D15977}"
EndProject
Project("{2150E333-8FDC-42A3-9474-1A3956D46DE8}") = "tests", "tests", "{0AB3BF05-4346-4AA6-1389-037BE0695223}"
EndProject
Project("{FAE04EC0-301F-11D3-BF4B-00C04F79EFBC}") = "Tests", "tests\Tests\Tests.csproj", "{8C6DC3F7-836F-4E31-804D-B3FB003760D6}"
EndProject
Project("{FAE04EC0-301F-11D3-BF4B-00C04F79EFBC}") = "Protocol.Generator.Tests", "tests\Protocol.Generator.Tests\Protocol.Generator.Tests.csproj", "{798692B9-BA02-4DDE-96D7-33A0CA0A4F54}"
EndProject
Project("{2150E333-8FDC-42A3-9474-1A3956D46DE8}") = "tools", "tools", "{07C2787E-EAC7-C090-1BA3-A61EC2A24D84}"
EndProject
Project("{FAE04EC0-301F-11D3-BF4B-00C04F79EFBC}") = "nettest", "tools\nettest\nettest.csproj", "{E3DC85D9-0988-484C-BFDF-D5868E599F26}"
EndProject
Project("{FAE04EC0-301F-11D3-BF4B-00C04F79EFBC}") = "Imaging.Tests", "tests\Imaging\Imaging.Tests.csproj", "{2A163E88-D1DA-419E-ADA6-BCF02C68B37C}"
EndProject
Project("{FAE04EC0-301F-11D3-BF4B-00C04F79EFBC}") = "Backend", "src\Backend\Backend.csproj", "{399A544F-1D36-4AFA-B36C-5C32858A7299}"
EndProject
Project("{FAE04EC0-301F-11D3-BF4B-00C04F79EFBC}") = "Backend.Tests", "tests\Backend.Tests\Backend.Tests.csproj", "{07DA5CD4-614E-4F51-800A-5389394EAB6E}"
EndProject
Project("{FAE04EC0-301F-11D3-BF4B-00C04F79EFBC}") = "Shared.Replay", "src\Shared.Replay\Shared.Replay.csproj", "{6FE45114-2D2D-4541-8322-DB70D564EBF0}"
EndProject
Project("{FAE04EC0-301F-11D3-BF4B-00C04F79EFBC}") = "Server.Shared", "src\Server.Shared\Server.Shared.csproj", "{1BC90F99-9366-47A9-9DE4-01BBC1CD1D01}"
EndProject
Project("{FAE04EC0-301F-11D3-BF4B-00C04F79EFBC}") = "Server.Shared.Tests", "tests\Server.Shared.Tests\Server.Shared.Tests.csproj", "{88DC168B-8EBE-4C64-A2C9-5BC24C81F38A}"
EndProject
Project("{FAE04EC0-301F-11D3-BF4B-00C04F79EFBC}") = "Server.Node", "src\Server.Node\Server.Node.csproj", "{19059ED7-C907-48C6-8930-C28390FC8D52}"
EndProject
Project("{FAE04EC0-301F-11D3-BF4B-00C04F79EFBC}") = "Server.Worker", "src\Server.Worker\Server.Worker.csproj", "{F7F28607-820C-4B80-A6C9-28DD95AA6037}"
EndProject
Project("{FAE04EC0-301F-11D3-BF4B-00C04F79EFBC}") = "Server.Node.Tests", "tests\Server.Node.Tests\Server.Node.Tests.csproj", "{D3D435DD-CAA4-4158-86ED-403DBCBC4CCC}"
EndProject
Project("{FAE04EC0-301F-11D3-BF4B-00C04F79EFBC}") = "WorkerProcessHarness", "tests\WorkerProcessHarness\WorkerProcessHarness.csproj", "{55CA725A-69E0-43BE-87F2-B6925E5C44DA}"
EndProject
Global
	GlobalSection(SolutionConfigurationPlatforms) = preSolution
		Debug|Any CPU = Debug|Any CPU
		Debug|x64 = Debug|x64
		Debug|x86 = Debug|x86
		Release|Any CPU = Release|Any CPU
		Release|x64 = Release|x64
		Release|x86 = Release|x86
	EndGlobalSection
	GlobalSection(ProjectConfigurationPlatforms) = postSolution
		{56D8112E-F13F-4DB4-AC18-B49E31E653F9}.Debug|Any CPU.ActiveCfg = Debug|Any CPU
		{56D8112E-F13F-4DB4-AC18-B49E31E653F9}.Debug|Any CPU.Build.0 = Debug|Any CPU
		{A00B963C-2EFD-472F-A673-3861078FFC71}.Debug|Any CPU.ActiveCfg = Debug|Any CPU
		{A00B963C-2EFD-472F-A673-3861078FFC71}.Debug|Any CPU.Build.0 = Debug|Any CPU
		{A00B963C-2EFD-472F-A673-3861078FFC71}.Debug|x64.ActiveCfg = Debug|Any CPU
		{A00B963C-2EFD-472F-A673-3861078FFC71}.Debug|x64.Build.0 = Debug|Any CPU
		{A00B963C-2EFD-472F-A673-3861078FFC71}.Debug|x86.ActiveCfg = Debug|Any CPU
		{A00B963C-2EFD-472F-A673-3861078FFC71}.Debug|x86.Build.0 = Debug|Any CPU
		{56D8112E-F13F-4DB4-AC18-B49E31E653F9}.Debug|x64.ActiveCfg = Debug|Any CPU
		{56D8112E-F13F-4DB4-AC18-B49E31E653F9}.Debug|x64.Build.0 = Debug|Any CPU
		{56D8112E-F13F-4DB4-AC18-B49E31E653F9}.Debug|x86.ActiveCfg = Debug|Any CPU
		{56D8112E-F13F-4DB4-AC18-B49E31E653F9}.Debug|x86.Build.0 = Debug|Any CPU
		{56D8112E-F13F-4DB4-AC18-B49E31E653F9}.Release|Any CPU.ActiveCfg = Release|Any CPU
		{56D8112E-F13F-4DB4-AC18-B49E31E653F9}.Release|Any CPU.Build.0 = Release|Any CPU
		{A00B963C-2EFD-472F-A673-3861078FFC71}.Release|Any CPU.ActiveCfg = Release|Any CPU
		{A00B963C-2EFD-472F-A673-3861078FFC71}.Release|Any CPU.Build.0 = Release|Any CPU
		{A00B963C-2EFD-472F-A673-3861078FFC71}.Release|x64.ActiveCfg = Release|Any CPU
		{A00B963C-2EFD-472F-A673-3861078FFC71}.Release|x64.Build.0 = Release|Any CPU
		{A00B963C-2EFD-472F-A673-3861078FFC71}.Release|x86.ActiveCfg = Release|Any CPU
		{A00B963C-2EFD-472F-A673-3861078FFC71}.Release|x86.Build.0 = Release|Any CPU
		{56D8112E-F13F-4DB4-AC18-B49E31E653F9}.Release|x64.ActiveCfg = Release|Any CPU
		{56D8112E-F13F-4DB4-AC18-B49E31E653F9}.Release|x64.Build.0 = Release|Any CPU
		{56D8112E-F13F-4DB4-AC18-B49E31E653F9}.Release|x86.ActiveCfg = Release|Any CPU
		{56D8112E-F13F-4DB4-AC18-B49E31E653F9}.Release|x86.Build.0 = Release|Any CPU
		{E93A106B-4592-4A61-901E-7DA3133BEDA5}.Debug|Any CPU.ActiveCfg = Debug|Any CPU
		{E93A106B-4592-4A61-901E-7DA3133BEDA5}.Debug|Any CPU.Build.0 = Debug|Any CPU
		{E93A106B-4592-4A61-901E-7DA3133BEDA5}.Debug|x64.ActiveCfg = Debug|Any CPU
		{E93A106B-4592-4A61-901E-7DA3133BEDA5}.Debug|x64.Build.0 = Debug|Any CPU
		{E93A106B-4592-4A61-901E-7DA3133BEDA5}.Debug|x86.ActiveCfg = Debug|Any CPU
		{E93A106B-4592-4A61-901E-7DA3133BEDA5}.Debug|x86.Build.0 = Debug|Any CPU
		{E93A106B-4592-4A61-901E-7DA3133BEDA5}.Release|Any CPU.ActiveCfg = Release|Any CPU
		{E93A106B-4592-4A61-901E-7DA3133BEDA5}.Release|Any CPU.Build.0 = Release|Any CPU
		{E93A106B-4592-4A61-901E-7DA3133BEDA5}.Release|x64.ActiveCfg = Release|Any CPU
		{E93A106B-4592-4A61-901E-7DA3133BEDA5}.Release|x64.Build.0 = Release|Any CPU
		{E93A106B-4592-4A61-901E-7DA3133BEDA5}.Release|x86.ActiveCfg = Release|Any CPU
		{E93A106B-4592-4A61-901E-7DA3133BEDA5}.Release|x86.Build.0 = Release|Any CPU
		{5F5E82DA-EBC6-460F-95F6-383D8EB0523E}.Debug|Any CPU.ActiveCfg = Debug|Any CPU
		{5F5E82DA-EBC6-460F-95F6-383D8EB0523E}.Debug|Any CPU.Build.0 = Debug|Any CPU
		{5F5E82DA-EBC6-460F-95F6-383D8EB0523E}.Debug|x64.ActiveCfg = Debug|Any CPU
		{5F5E82DA-EBC6-460F-95F6-383D8EB0523E}.Debug|x64.Build.0 = Debug|Any CPU
		{5F5E82DA-EBC6-460F-95F6-383D8EB0523E}.Debug|x86.ActiveCfg = Debug|Any CPU
		{5F5E82DA-EBC6-460F-95F6-383D8EB0523E}.Debug|x86.Build.0 = Debug|Any CPU
		{5F5E82DA-EBC6-460F-95F6-383D8EB0523E}.Release|Any CPU.ActiveCfg = Release|Any CPU
		{5F5E82DA-EBC6-460F-95F6-383D8EB0523E}.Release|Any CPU.Build.0 = Release|Any CPU
		{5F5E82DA-EBC6-460F-95F6-383D8EB0523E}.Release|x64.ActiveCfg = Release|Any CPU
		{5F5E82DA-EBC6-460F-95F6-383D8EB0523E}.Release|x64.Build.0 = Release|Any CPU
		{5F5E82DA-EBC6-460F-95F6-383D8EB0523E}.Release|x86.ActiveCfg = Release|Any CPU
		{5F5E82DA-EBC6-460F-95F6-383D8EB0523E}.Release|x86.Build.0 = Release|Any CPU
		{B830642A-9288-4074-B6DF-5DC7E1D15977}.Debug|Any CPU.ActiveCfg = Debug|Any CPU
		{B830642A-9288-4074-B6DF-5DC7E1D15977}.Debug|Any CPU.Build.0 = Debug|Any CPU
		{B830642A-9288-4074-B6DF-5DC7E1D15977}.Debug|x64.ActiveCfg = Debug|Any CPU
		{B830642A-9288-4074-B6DF-5DC7E1D15977}.Debug|x64.Build.0 = Debug|Any CPU
		{B830642A-9288-4074-B6DF-5DC7E1D15977}.Debug|x86.ActiveCfg = Debug|Any CPU
		{B830642A-9288-4074-B6DF-5DC7E1D15977}.Debug|x86.Build.0 = Debug|Any CPU
		{B830642A-9288-4074-B6DF-5DC7E1D15977}.Release|Any CPU.ActiveCfg = Release|Any CPU
		{B830642A-9288-4074-B6DF-5DC7E1D15977}.Release|Any CPU.Build.0 = Release|Any CPU
		{B830642A-9288-4074-B6DF-5DC7E1D15977}.Release|x64.ActiveCfg = Release|Any CPU
		{B830642A-9288-4074-B6DF-5DC7E1D15977}.Release|x64.Build.0 = Release|Any CPU
		{B830642A-9288-4074-B6DF-5DC7E1D15977}.Release|x86.ActiveCfg = Release|Any CPU
		{B830642A-9288-4074-B6DF-5DC7E1D15977}.Release|x86.Build.0 = Release|Any CPU
		{8C6DC3F7-836F-4E31-804D-B3FB003760D6}.Debug|Any CPU.ActiveCfg = Debug|Any CPU
		{8C6DC3F7-836F-4E31-804D-B3FB003760D6}.Debug|Any CPU.Build.0 = Debug|Any CPU
		{798692B9-BA02-4DDE-96D7-33A0CA0A4F54}.Debug|Any CPU.ActiveCfg = Debug|Any CPU
		{798692B9-BA02-4DDE-96D7-33A0CA0A4F54}.Debug|Any CPU.Build.0 = Debug|Any CPU
		{798692B9-BA02-4DDE-96D7-33A0CA0A4F54}.Debug|x64.ActiveCfg = Debug|Any CPU
		{798692B9-BA02-4DDE-96D7-33A0CA0A4F54}.Debug|x64.Build.0 = Debug|Any CPU
		{798692B9-BA02-4DDE-96D7-33A0CA0A4F54}.Debug|x86.ActiveCfg = Debug|Any CPU
		{798692B9-BA02-4DDE-96D7-33A0CA0A4F54}.Debug|x86.Build.0 = Debug|Any CPU
		{8C6DC3F7-836F-4E31-804D-B3FB003760D6}.Debug|x64.ActiveCfg = Debug|Any CPU
		{8C6DC3F7-836F-4E31-804D-B3FB003760D6}.Debug|x64.Build.0 = Debug|Any CPU
		{8C6DC3F7-836F-4E31-804D-B3FB003760D6}.Debug|x86.ActiveCfg = Debug|Any CPU
		{8C6DC3F7-836F-4E31-804D-B3FB003760D6}.Debug|x86.Build.0 = Debug|Any CPU
		{8C6DC3F7-836F-4E31-804D-B3FB003760D6}.Release|Any CPU.ActiveCfg = Release|Any CPU
		{8C6DC3F7-836F-4E31-804D-B3FB003760D6}.Release|Any CPU.Build.0 = Release|Any CPU
		{798692B9-BA02-4DDE-96D7-33A0CA0A4F54}.Release|Any CPU.ActiveCfg = Release|Any CPU
		{798692B9-BA02-4DDE-96D7-33A0CA0A4F54}.Release|Any CPU.Build.0 = Release|Any CPU
		{798692B9-BA02-4DDE-96D7-33A0CA0A4F54}.Release|x64.ActiveCfg = Release|Any CPU
		{798692B9-BA02-4DDE-96D7-33A0CA0A4F54}.Release|x64.Build.0 = Release|Any CPU
		{798692B9-BA02-4DDE-96D7-33A0CA0A4F54}.Release|x86.ActiveCfg = Release|Any CPU
		{798692B9-BA02-4DDE-96D7-33A0CA0A4F54}.Release|x86.Build.0 = Release|Any CPU
		{8C6DC3F7-836F-4E31-804D-B3FB003760D6}.Release|x64.ActiveCfg = Release|Any CPU
		{8C6DC3F7-836F-4E31-804D-B3FB003760D6}.Release|x64.Build.0 = Release|Any CPU
		{8C6DC3F7-836F-4E31-804D-B3FB003760D6}.Release|x86.ActiveCfg = Release|Any CPU
		{8C6DC3F7-836F-4E31-804D-B3FB003760D6}.Release|x86.Build.0 = Release|Any CPU
		{E3DC85D9-0988-484C-BFDF-D5868E599F26}.Debug|Any CPU.ActiveCfg = Debug|Any CPU
		{E3DC85D9-0988-484C-BFDF-D5868E599F26}.Debug|Any CPU.Build.0 = Debug|Any CPU
		{E3DC85D9-0988-484C-BFDF-D5868E599F26}.Debug|x64.ActiveCfg = Debug|Any CPU
		{E3DC85D9-0988-484C-BFDF-D5868E599F26}.Debug|x64.Build.0 = Debug|Any CPU
		{E3DC85D9-0988-484C-BFDF-D5868E599F26}.Debug|x86.ActiveCfg = Debug|Any CPU
		{E3DC85D9-0988-484C-BFDF-D5868E599F26}.Debug|x86.Build.0 = Debug|Any CPU
		{E3DC85D9-0988-484C-BFDF-D5868E599F26}.Release|Any CPU.ActiveCfg = Release|Any CPU
		{E3DC85D9-0988-484C-BFDF-D5868E599F26}.Release|Any CPU.Build.0 = Release|Any CPU
		{E3DC85D9-0988-484C-BFDF-D5868E599F26}.Release|x64.ActiveCfg = Release|Any CPU
		{E3DC85D9-0988-484C-BFDF-D5868E599F26}.Release|x64.Build.0 = Release|Any CPU
		{E3DC85D9-0988-484C-BFDF-D5868E599F26}.Release|x86.ActiveCfg = Release|Any CPU
		{E3DC85D9-0988-484C-BFDF-D5868E599F26}.Release|x86.Build.0 = Release|Any CPU
		{2A163E88-D1DA-419E-ADA6-BCF02C68B37C}.Debug|Any CPU.ActiveCfg = Debug|Any CPU
		{2A163E88-D1DA-419E-ADA6-BCF02C68B37C}.Debug|Any CPU.Build.0 = Debug|Any CPU
		{2A163E88-D1DA-419E-ADA6-BCF02C68B37C}.Debug|x64.ActiveCfg = Debug|Any CPU
		{2A163E88-D1DA-419E-ADA6-BCF02C68B37C}.Debug|x64.Build.0 = Debug|Any CPU
		{2A163E88-D1DA-419E-ADA6-BCF02C68B37C}.Debug|x86.ActiveCfg = Debug|Any CPU
		{2A163E88-D1DA-419E-ADA6-BCF02C68B37C}.Debug|x86.Build.0 = Debug|Any CPU
		{2A163E88-D1DA-419E-ADA6-BCF02C68B37C}.Release|Any CPU.ActiveCfg = Release|Any CPU
		{2A163E88-D1DA-419E-ADA6-BCF02C68B37C}.Release|Any CPU.Build.0 = Release|Any CPU
		{2A163E88-D1DA-419E-ADA6-BCF02C68B37C}.Release|x64.ActiveCfg = Release|Any CPU
		{2A163E88-D1DA-419E-ADA6-BCF02C68B37C}.Release|x64.Build.0 = Release|Any CPU
		{2A163E88-D1DA-419E-ADA6-BCF02C68B37C}.Release|x86.ActiveCfg = Release|Any CPU
		{2A163E88-D1DA-419E-ADA6-BCF02C68B37C}.Release|x86.Build.0 = Release|Any CPU
		{399A544F-1D36-4AFA-B36C-5C32858A7299}.Debug|Any CPU.ActiveCfg = Debug|Any CPU
		{399A544F-1D36-4AFA-B36C-5C32858A7299}.Debug|Any CPU.Build.0 = Debug|Any CPU
		{399A544F-1D36-4AFA-B36C-5C32858A7299}.Debug|x64.ActiveCfg = Debug|Any CPU
		{399A544F-1D36-4AFA-B36C-5C32858A7299}.Debug|x64.Build.0 = Debug|Any CPU
		{399A544F-1D36-4AFA-B36C-5C32858A7299}.Debug|x86.ActiveCfg = Debug|Any CPU
		{399A544F-1D36-4AFA-B36C-5C32858A7299}.Debug|x86.Build.0 = Debug|Any CPU
		{399A544F-1D36-4AFA-B36C-5C32858A7299}.Release|Any CPU.ActiveCfg = Release|Any CPU
		{399A544F-1D36-4AFA-B36C-5C32858A7299}.Release|Any CPU.Build.0 = Release|Any CPU
		{399A544F-1D36-4AFA-B36C-5C32858A7299}.Release|x64.ActiveCfg = Release|Any CPU
		{399A544F-1D36-4AFA-B36C-5C32858A7299}.Release|x64.Build.0 = Release|Any CPU
		{399A544F-1D36-4AFA-B36C-5C32858A7299}.Release|x86.ActiveCfg = Release|Any CPU
		{399A544F-1D36-4AFA-B36C-5C32858A7299}.Release|x86.Build.0 = Release|Any CPU
		{07DA5CD4-614E-4F51-800A-5389394EAB6E}.Debug|Any CPU.ActiveCfg = Debug|Any CPU
		{07DA5CD4-614E-4F51-800A-5389394EAB6E}.Debug|Any CPU.Build.0 = Debug|Any CPU
		{07DA5CD4-614E-4F51-800A-5389394EAB6E}.Debug|x64.ActiveCfg = Debug|Any CPU
		{07DA5CD4-614E-4F51-800A-5389394EAB6E}.Debug|x64.Build.0 = Debug|Any CPU
		{07DA5CD4-614E-4F51-800A-5389394EAB6E}.Debug|x86.ActiveCfg = Debug|Any CPU
		{07DA5CD4-614E-4F51-800A-5389394EAB6E}.Debug|x86.Build.0 = Debug|Any CPU
		{07DA5CD4-614E-4F51-800A-5389394EAB6E}.Release|Any CPU.ActiveCfg = Release|Any CPU
		{07DA5CD4-614E-4F51-800A-5389394EAB6E}.Release|Any CPU.Build.0 = Release|Any CPU
		{07DA5CD4-614E-4F51-800A-5389394EAB6E}.Release|x64.ActiveCfg = Release|Any CPU
		{07DA5CD4-614E-4F51-800A-5389394EAB6E}.Release|x64.Build.0 = Release|Any CPU
		{07DA5CD4-614E-4F51-800A-5389394EAB6E}.Release|x86.ActiveCfg = Release|Any CPU
		{07DA5CD4-614E-4F51-800A-5389394EAB6E}.Release|x86.Build.0 = Release|Any CPU
		{6FE45114-2D2D-4541-8322-DB70D564EBF0}.Debug|Any CPU.ActiveCfg = Debug|Any CPU
		{6FE45114-2D2D-4541-8322-DB70D564EBF0}.Debug|Any CPU.Build.0 = Debug|Any CPU
		{6FE45114-2D2D-4541-8322-DB70D564EBF0}.Debug|x64.ActiveCfg = Debug|Any CPU
		{6FE45114-2D2D-4541-8322-DB70D564EBF0}.Debug|x64.Build.0 = Debug|Any CPU
		{6FE45114-2D2D-4541-8322-DB70D564EBF0}.Debug|x86.ActiveCfg = Debug|Any CPU
		{6FE45114-2D2D-4541-8322-DB70D564EBF0}.Debug|x86.Build.0 = Debug|Any CPU
		{6FE45114-2D2D-4541-8322-DB70D564EBF0}.Release|Any CPU.ActiveCfg = Release|Any CPU
		{6FE45114-2D2D-4541-8322-DB70D564EBF0}.Release|Any CPU.Build.0 = Release|Any CPU
		{6FE45114-2D2D-4541-8322-DB70D564EBF0}.Release|x64.ActiveCfg = Release|Any CPU
		{6FE45114-2D2D-4541-8322-DB70D564EBF0}.Release|x64.Build.0 = Release|Any CPU
		{6FE45114-2D2D-4541-8322-DB70D564EBF0}.Release|x86.ActiveCfg = Release|Any CPU
		{6FE45114-2D2D-4541-8322-DB70D564EBF0}.Release|x86.Build.0 = Release|Any CPU
		{1BC90F99-9366-47A9-9DE4-01BBC1CD1D01}.Debug|Any CPU.ActiveCfg = Debug|Any CPU
		{1BC90F99-9366-47A9-9DE4-01BBC1CD1D01}.Debug|Any CPU.Build.0 = Debug|Any CPU
		{1BC90F99-9366-47A9-9DE4-01BBC1CD1D01}.Debug|x64.ActiveCfg = Debug|Any CPU
		{1BC90F99-9366-47A9-9DE4-01BBC1CD1D01}.Debug|x64.Build.0 = Debug|Any CPU
		{1BC90F99-9366-47A9-9DE4-01BBC1CD1D01}.Debug|x86.ActiveCfg = Debug|Any CPU
		{1BC90F99-9366-47A9-9DE4-01BBC1CD1D01}.Debug|x86.Build.0 = Debug|Any CPU
		{1BC90F99-9366-47A9-9DE4-01BBC1CD1D01}.Release|Any CPU.ActiveCfg = Release|Any CPU
		{1BC90F99-9366-47A9-9DE4-01BBC1CD1D01}.Release|Any CPU.Build.0 = Release|Any CPU
		{1BC90F99-9366-47A9-9DE4-01BBC1CD1D01}.Release|x64.ActiveCfg = Release|Any CPU
		{1BC90F99-9366-47A9-9DE4-01BBC1CD1D01}.Release|x64.Build.0 = Release|Any CPU
		{1BC90F99-9366-47A9-9DE4-01BBC1CD1D01}.Release|x86.ActiveCfg = Release|Any CPU
		{1BC90F99-9366-47A9-9DE4-01BBC1CD1D01}.Release|x86.Build.0 = Release|Any CPU
		{88DC168B-8EBE-4C64-A2C9-5BC24C81F38A}.Debug|Any CPU.ActiveCfg = Debug|Any CPU
		{88DC168B-8EBE-4C64-A2C9-5BC24C81F38A}.Debug|Any CPU.Build.0 = Debug|Any CPU
		{88DC168B-8EBE-4C64-A2C9-5BC24C81F38A}.Debug|x64.ActiveCfg = Debug|Any CPU
		{88DC168B-8EBE-4C64-A2C9-5BC24C81F38A}.Debug|x64.Build.0 = Debug|Any CPU
		{88DC168B-8EBE-4C64-A2C9-5BC24C81F38A}.Debug|x86.ActiveCfg = Debug|Any CPU
		{88DC168B-8EBE-4C64-A2C9-5BC24C81F38A}.Debug|x86.Build.0 = Debug|Any CPU
		{88DC168B-8EBE-4C64-A2C9-5BC24C81F38A}.Release|Any CPU.ActiveCfg = Release|Any CPU
		{88DC168B-8EBE-4C64-A2C9-5BC24C81F38A}.Release|Any CPU.Build.0 = Release|Any CPU
		{88DC168B-8EBE-4C64-A2C9-5BC24C81F38A}.Release|x64.ActiveCfg = Release|Any CPU
		{88DC168B-8EBE-4C64-A2C9-5BC24C81F38A}.Release|x64.Build.0 = Release|Any CPU
		{88DC168B-8EBE-4C64-A2C9-5BC24C81F38A}.Release|x86.ActiveCfg = Release|Any CPU
		{88DC168B-8EBE-4C64-A2C9-5BC24C81F38A}.Release|x86.Build.0 = Release|Any CPU
		{19059ED7-C907-48C6-8930-C28390FC8D52}.Debug|Any CPU.ActiveCfg = Debug|Any CPU
		{19059ED7-C907-48C6-8930-C28390FC8D52}.Debug|Any CPU.Build.0 = Debug|Any CPU
		{19059ED7-C907-48C6-8930-C28390FC8D52}.Debug|x64.ActiveCfg = Debug|Any CPU
		{19059ED7-C907-48C6-8930-C28390FC8D52}.Debug|x64.Build.0 = Debug|Any CPU
		{19059ED7-C907-48C6-8930-C28390FC8D52}.Debug|x86.ActiveCfg = Debug|Any CPU
		{19059ED7-C907-48C6-8930-C28390FC8D52}.Debug|x86.Build.0 = Debug|Any CPU
		{19059ED7-C907-48C6-8930-C28390FC8D52}.Release|Any CPU.ActiveCfg = Release|Any CPU
		{19059ED7-C907-48C6-8930-C28390FC8D52}.Release|Any CPU.Build.0 = Release|Any CPU
		{19059ED7-C907-48C6-8930-C28390FC8D52}.Release|x64.ActiveCfg = Release|Any CPU
		{19059ED7-C907-48C6-8930-C28390FC8D52}.Release|x64.Build.0 = Release|Any CPU
		{19059ED7-C907-48C6-8930-C28390FC8D52}.Release|x86.ActiveCfg = Release|Any CPU
		{19059ED7-C907-48C6-8930-C28390FC8D52}.Release|x86.Build.0 = Release|Any CPU
		{F7F28607-820C-4B80-A6C9-28DD95AA6037}.Debug|Any CPU.ActiveCfg = Debug|Any CPU
		{F7F28607-820C-4B80-A6C9-28DD95AA6037}.Debug|Any CPU.Build.0 = Debug|Any CPU
		{F7F28607-820C-4B80-A6C9-28DD95AA6037}.Debug|x64.ActiveCfg = Debug|Any CPU
		{F7F28607-820C-4B80-A6C9-28DD95AA6037}.Debug|x64.Build.0 = Debug|Any CPU
		{F7F28607-820C-4B80-A6C9-28DD95AA6037}.Debug|x86.ActiveCfg = Debug|Any CPU
		{F7F28607-820C-4B80-A6C9-28DD95AA6037}.Debug|x86.Build.0 = Debug|Any CPU
		{F7F28607-820C-4B80-A6C9-28DD95AA6037}.Release|Any CPU.ActiveCfg = Release|Any CPU
		{F7F28607-820C-4B80-A6C9-28DD95AA6037}.Release|Any CPU.Build.0 = Release|Any CPU
		{F7F28607-820C-4B80-A6C9-28DD95AA6037}.Release|x64.ActiveCfg = Release|Any CPU
		{F7F28607-820C-4B80-A6C9-28DD95AA6037}.Release|x64.Build.0 = Release|Any CPU
		{F7F28607-820C-4B80-A6C9-28DD95AA6037}.Release|x86.ActiveCfg = Release|Any CPU
		{F7F28607-820C-4B80-A6C9-28DD95AA6037}.Release|x86.Build.0 = Release|Any CPU
		{D3D435DD-CAA4-4158-86ED-403DBCBC4CCC}.Debug|Any CPU.ActiveCfg = Debug|Any CPU
		{D3D435DD-CAA4-4158-86ED-403DBCBC4CCC}.Debug|Any CPU.Build.0 = Debug|Any CPU
		{D3D435DD-CAA4-4158-86ED-403DBCBC4CCC}.Debug|x64.ActiveCfg = Debug|Any CPU
		{D3D435DD-CAA4-4158-86ED-403DBCBC4CCC}.Debug|x64.Build.0 = Debug|Any CPU
		{D3D435DD-CAA4-4158-86ED-403DBCBC4CCC}.Debug|x86.ActiveCfg = Debug|Any CPU
		{D3D435DD-CAA4-4158-86ED-403DBCBC4CCC}.Debug|x86.Build.0 = Debug|Any CPU
		{D3D435DD-CAA4-4158-86ED-403DBCBC4CCC}.Release|Any CPU.ActiveCfg = Release|Any CPU
		{D3D435DD-CAA4-4158-86ED-403DBCBC4CCC}.Release|Any CPU.Build.0 = Release|Any CPU
		{D3D435DD-CAA4-4158-86ED-403DBCBC4CCC}.Release|x64.ActiveCfg = Release|Any CPU
		{D3D435DD-CAA4-4158-86ED-403DBCBC4CCC}.Release|x64.Build.0 = Release|Any CPU
		{D3D435DD-CAA4-4158-86ED-403DBCBC4CCC}.Release|x86.ActiveCfg = Release|Any CPU
		{D3D435DD-CAA4-4158-86ED-403DBCBC4CCC}.Release|x86.Build.0 = Release|Any CPU
		{55CA725A-69E0-43BE-87F2-B6925E5C44DA}.Debug|Any CPU.ActiveCfg = Debug|Any CPU
		{55CA725A-69E0-43BE-87F2-B6925E5C44DA}.Debug|Any CPU.Build.0 = Debug|Any CPU
		{55CA725A-69E0-43BE-87F2-B6925E5C44DA}.Debug|x64.ActiveCfg = Debug|Any CPU
		{55CA725A-69E0-43BE-87F2-B6925E5C44DA}.Debug|x64.Build.0 = Debug|Any CPU
		{55CA725A-69E0-43BE-87F2-B6925E5C44DA}.Debug|x86.ActiveCfg = Debug|Any CPU
		{55CA725A-69E0-43BE-87F2-B6925E5C44DA}.Debug|x86.Build.0 = Debug|Any CPU
		{55CA725A-69E0-43BE-87F2-B6925E5C44DA}.Release|Any CPU.ActiveCfg = Release|Any CPU
		{55CA725A-69E0-43BE-87F2-B6925E5C44DA}.Release|Any CPU.Build.0 = Release|Any CPU
		{55CA725A-69E0-43BE-87F2-B6925E5C44DA}.Release|x64.ActiveCfg = Release|Any CPU
		{55CA725A-69E0-43BE-87F2-B6925E5C44DA}.Release|x64.Build.0 = Release|Any CPU
		{55CA725A-69E0-43BE-87F2-B6925E5C44DA}.Release|x86.ActiveCfg = Release|Any CPU
		{55CA725A-69E0-43BE-87F2-B6925E5C44DA}.Release|x86.Build.0 = Release|Any CPU
	EndGlobalSection
	GlobalSection(SolutionProperties) = preSolution
		HideSolutionNode = FALSE
	EndGlobalSection
	GlobalSection(NestedProjects) = preSolution
		{56D8112E-F13F-4DB4-AC18-B49E31E653F9} = {827E0CD3-B72D-47B6-A68D-7590B98EB39B}
		{A00B963C-2EFD-472F-A673-3861078FFC71} = {827E0CD3-B72D-47B6-A68D-7590B98EB39B}
		{E93A106B-4592-4A61-901E-7DA3133BEDA5} = {827E0CD3-B72D-47B6-A68D-7590B98EB39B}
		{5F5E82DA-EBC6-460F-95F6-383D8EB0523E} = {827E0CD3-B72D-47B6-A68D-7590B98EB39B}
		{B830642A-9288-4074-B6DF-5DC7E1D15977} = {827E0CD3-B72D-47B6-A68D-7590B98EB39B}
		{8C6DC3F7-836F-4E31-804D-B3FB003760D6} = {0AB3BF05-4346-4AA6-1389-037BE0695223}
		{798692B9-BA02-4DDE-96D7-33A0CA0A4F54} = {0AB3BF05-4346-4AA6-1389-037BE0695223}
		{E3DC85D9-0988-484C-BFDF-D5868E599F26} = {07C2787E-EAC7-C090-1BA3-A61EC2A24D84}
		{2A163E88-D1DA-419E-ADA6-BCF02C68B37C} = {0AB3BF05-4346-4AA6-1389-037BE0695223}
		{399A544F-1D36-4AFA-B36C-5C32858A7299} = {827E0CD3-B72D-47B6-A68D-7590B98EB39B}
		{07DA5CD4-614E-4F51-800A-5389394EAB6E} = {0AB3BF05-4346-4AA6-1389-037BE0695223}
		{6FE45114-2D2D-4541-8322-DB70D564EBF0} = {827E0CD3-B72D-47B6-A68D-7590B98EB39B}
		{1BC90F99-9366-47A9-9DE4-01BBC1CD1D01} = {827E0CD3-B72D-47B6-A68D-7590B98EB39B}
		{88DC168B-8EBE-4C64-A2C9-5BC24C81F38A} = {0AB3BF05-4346-4AA6-1389-037BE0695223}
		{19059ED7-C907-48C6-8930-C28390FC8D52} = {827E0CD3-B72D-47B6-A68D-7590B98EB39B}
		{F7F28607-820C-4B80-A6C9-28DD95AA6037} = {827E0CD3-B72D-47B6-A68D-7590B98EB39B}
		{D3D435DD-CAA4-4158-86ED-403DBCBC4CCC} = {0AB3BF05-4346-4AA6-1389-037BE0695223}
		{55CA725A-69E0-43BE-87F2-B6925E5C44DA} = {0AB3BF05-4346-4AA6-1389-037BE0695223}
	EndGlobalSection
EndGlobal
