
Microsoft Visual Studio Solution File, Format Version 12.00
# Visual Studio Version 17
VisualStudioVersion = 17.0.31903.59
MinimumVisualStudioVersion = 10.0.40219.1
Project("{2150E333-8FDC-42A3-9474-1A3956D46DE8}") = "src", "src", "{827E0CD3-B72D-47B6-A68D-7590B98EB39B}"
EndProject
Project("{FAE04EC0-301F-11D3-BF4B-00C04F79EFBC}") = "Game", "src\Game\Game.csproj", "{56D8112E-F13F-4DB4-AC18-B49E31E653F9}"
EndProject
Project("{FAE04EC0-301F-11D3-BF4B-00C04F79EFBC}") = "Client", "src\Client\Client.csproj", "{E93A106B-4592-4A61-901E-7DA3133BEDA5}"
EndProject
Project("{FAE04EC0-301F-11D3-BF4B-00C04F79EFBC}") = "Audio.Ncsf", "src\Audio.Ncsf\Audio.Ncsf.csproj", "{5F5E82DA-EBC6-460F-95F6-383D8EB0523E}"
EndProject
Project("{FAE04EC0-301F-11D3-BF4B-00C04F79EFBC}") = "Server", "src\Server\Server.csproj", "{80F4854D-E752-4C54-ADF8-40D9479A8F9E}"
EndProject
Project("{FAE04EC0-301F-11D3-BF4B-00C04F79EFBC}") = "Tools", "src\Tools\Tools.csproj", "{B830642A-9288-4074-B6DF-5DC7E1D15977}"
EndProject
Project("{2150E333-8FDC-42A3-9474-1A3956D46DE8}") = "tests", "tests", "{0AB3BF05-4346-4AA6-1389-037BE0695223}"
EndProject
Project("{FAE04EC0-301F-11D3-BF4B-00C04F79EFBC}") = "Tests", "tests\Tests\Tests.csproj", "{8C6DC3F7-836F-4E31-804D-B3FB003760D6}"
EndProject
Project("{2150E333-8FDC-42A3-9474-1A3956D46DE8}") = "tools", "tools", "{07C2787E-EAC7-C090-1BA3-A61EC2A24D84}"
EndProject
Project("{FAE04EC0-301F-11D3-BF4B-00C04F79EFBC}") = "nettest", "tools\nettest\nettest.csproj", "{E3DC85D9-0988-484C-BFDF-D5868E599F26}"
EndProject
Project("{FAE04EC0-301F-11D3-BF4B-00C04F79EFBC}") = "Imaging.Tests", "tests\Imaging\Imaging.Tests.csproj", "{2A163E88-D1DA-419E-ADA6-BCF02C68B37C}"
EndProject
Global
	GlobalSection(SolutionConfigurationPlatforms) = preSolution
		Debug|Any CPU = Debug|Any CPU
		Debug|x64 = Debug|x64
		Debug|x86 = Debug|x86
		Release|Any CPU = Release|Any CPU
		Release|x64 = Release|x64
		Release|x86 = Release|x86
	EndGlobalSection
	GlobalSection(ProjectConfigurationPlatforms) = postSolution
		{56D8112E-F13F-4DB4-AC18-B49E31E653F9}.Debug|Any CPU.ActiveCfg = Debug|Any CPU
		{56D8112E-F13F-4DB4-AC18-B49E31E653F9}.Debug|Any CPU.Build.0 = Debug|Any CPU
		{56D8112E-F13F-4DB4-AC18-B49E31E653F9}.Debug|x64.ActiveCfg = Debug|Any CPU
		{56D8112E-F13F-4DB4-AC18-B49E31E653F9}.Debug|x64.Build.0 = Debug|Any CPU
		{56D8112E-F13F-4DB4-AC18-B49E31E653F9}.Debug|x86.ActiveCfg = Debug|Any CPU
		{56D8112E-F13F-4DB4-AC18-B49E31E653F9}.Debug|x86.Build.0 = Debug|Any CPU
		{56D8112E-F13F-4DB4-AC18-B49E31E653F9}.Release|Any CPU.ActiveCfg = Release|Any CPU
		{56D8112E-F13F-4DB4-AC18-B49E31E653F9}.Release|Any CPU.Build.0 = Release|Any CPU
		{56D8112E-F13F-4DB4-AC18-B49E31E653F9}.Release|x64.ActiveCfg = Release|Any CPU
		{56D8112E-F13F-4DB4-AC18-B49E31E653F9}.Release|x64.Build.0 = Release|Any CPU
		{56D8112E-F13F-4DB4-AC18-B49E31E653F9}.Release|x86.ActiveCfg = Release|Any CPU
		{56D8112E-F13F-4DB4-AC18-B49E31E653F9}.Release|x86.Build.0 = Release|Any CPU
		{E93A106B-4592-4A61-901E-7DA3133BEDA5}.Debug|Any CPU.ActiveCfg = Debug|Any CPU
		{E93A106B-4592-4A61-901E-7DA3133BEDA5}.Debug|Any CPU.Build.0 = Debug|Any CPU
		{E93A106B-4592-4A61-901E-7DA3133BEDA5}.Debug|x64.ActiveCfg = Debug|Any CPU
		{E93A106B-4592-4A61-901E-7DA3133BEDA5}.Debug|x64.Build.0 = Debug|Any CPU
		{E93A106B-4592-4A61-901E-7DA3133BEDA5}.Debug|x86.ActiveCfg = Debug|Any CPU
		{E93A106B-4592-4A61-901E-7DA3133BEDA5}.Debug|x86.Build.0 = Debug|Any CPU
		{E93A106B-4592-4A61-901E-7DA3133BEDA5}.Release|Any CPU.ActiveCfg = Release|Any CPU
		{E93A106B-4592-4A61-901E-7DA3133BEDA5}.Release|Any CPU.Build.0 = Release|Any CPU
		{E93A106B-4592-4A61-901E-7DA3133BEDA5}.Release|x64.ActiveCfg = Release|Any CPU
		{E93A106B-4592-4A61-901E-7DA3133BEDA5}.Release|x64.Build.0 = Release|Any CPU
		{E93A106B-4592-4A61-901E-7DA3133BEDA5}.Release|x86.ActiveCfg = Release|Any CPU
		{E93A106B-4592-4A61-901E-7DA3133BEDA5}.Release|x86.Build.0 = Release|Any CPU
		{5F5E82DA-EBC6-460F-95F6-383D8EB0523E}.Debug|Any CPU.ActiveCfg = Debug|Any CPU
		{5F5E82DA-EBC6-460F-95F6-383D8EB0523E}.Debug|Any CPU.Build.0 = Debug|Any CPU
		{5F5E82DA-EBC6-460F-95F6-383D8EB0523E}.Debug|x64.ActiveCfg = Debug|Any CPU
		{5F5E82DA-EBC6-460F-95F6-383D8EB0523E}.Debug|x64.Build.0 = Debug|Any CPU
		{5F5E82DA-EBC6-460F-95F6-383D8EB0523E}.Debug|x86.ActiveCfg = Debug|Any CPU
		{5F5E82DA-EBC6-460F-95F6-383D8EB0523E}.Debug|x86.Build.0 = Debug|Any CPU
		{5F5E82DA-EBC6-460F-95F6-383D8EB0523E}.Release|Any CPU.ActiveCfg = Release|Any CPU
		{5F5E82DA-EBC6-460F-95F6-383D8EB0523E}.Release|Any CPU.Build.0 = Release|Any CPU
		{5F5E82DA-EBC6-460F-95F6-383D8EB0523E}.Release|x64.ActiveCfg = Release|Any CPU
		{5F5E82DA-EBC6-460F-95F6-383D8EB0523E}.Release|x64.Build.0 = Release|Any CPU
		{5F5E82DA-EBC6-460F-95F6-383D8EB0523E}.Release|x86.ActiveCfg = Release|Any CPU
		{5F5E82DA-EBC6-460F-95F6-383D8EB0523E}.Release|x86.Build.0 = Release|Any CPU
		{80F4854D-E752-4C54-ADF8-40D9479A8F9E}.Debug|Any CPU.ActiveCfg = Debug|Any CPU
		{80F4854D-E752-4C54-ADF8-40D9479A8F9E}.Debug|Any CPU.Build.0 = Debug|Any CPU
		{80F4854D-E752-4C54-ADF8-40D9479A8F9E}.Debug|x64.ActiveCfg = Debug|Any CPU
		{80F4854D-E752-4C54-ADF8-40D9479A8F9E}.Debug|x64.Build.0 = Debug|Any CPU
		{80F4854D-E752-4C54-ADF8-40D9479A8F9E}.Debug|x86.ActiveCfg = Debug|Any CPU
		{80F4854D-E752-4C54-ADF8-40D9479A8F9E}.Debug|x86.Build.0 = Debug|Any CPU
		{80F4854D-E752-4C54-ADF8-40D9479A8F9E}.Release|Any CPU.ActiveCfg = Release|Any CPU
		{80F4854D-E752-4C54-ADF8-40D9479A8F9E}.Release|Any CPU.Build.0 = Release|Any CPU
		{80F4854D-E752-4C54-ADF8-40D9479A8F9E}.Release|x64.ActiveCfg = Release|Any CPU
		{80F4854D-E752-4C54-ADF8-40D9479A8F9E}.Release|x64.Build.0 = Release|Any CPU
		{80F4854D-E752-4C54-ADF8-40D9479A8F9E}.Release|x86.ActiveCfg = Release|Any CPU
		{80F4854D-E752-4C54-ADF8-40D9479A8F9E}.Release|x86.Build.0 = Release|Any CPU
		{B830642A-9288-4074-B6DF-5DC7E1D15977}.Debug|Any CPU.ActiveCfg = Debug|Any CPU
		{B830642A-9288-4074-B6DF-5DC7E1D15977}.Debug|Any CPU.Build.0 = Debug|Any CPU
		{B830642A-9288-4074-B6DF-5DC7E1D15977}.Debug|x64.ActiveCfg = Debug|Any CPU
		{B830642A-9288-4074-B6DF-5DC7E1D15977}.Debug|x64.Build.0 = Debug|Any CPU
		{B830642A-9288-4074-B6DF-5DC7E1D15977}.Debug|x86.ActiveCfg = Debug|Any CPU
		{B830642A-9288-4074-B6DF-5DC7E1D15977}.Debug|x86.Build.0 = Debug|Any CPU
		{B830642A-9288-4074-B6DF-5DC7E1D15977}.Release|Any CPU.ActiveCfg = Release|Any CPU
		{B830642A-9288-4074-B6DF-5DC7E1D15977}.Release|Any CPU.Build.0 = Release|Any CPU
		{B830642A-9288-4074-B6DF-5DC7E1D15977}.Release|x64.ActiveCfg = Release|Any CPU
		{B830642A-9288-4074-B6DF-5DC7E1D15977}.Release|x64.Build.0 = Release|Any CPU
		{B830642A-9288-4074-B6DF-5DC7E1D15977}.Release|x86.ActiveCfg = Release|Any CPU
		{B830642A-9288-4074-B6DF-5DC7E1D15977}.Release|x86.Build.0 = Release|Any CPU
		{8C6DC3F7-836F-4E31-804D-B3FB003760D6}.Debug|Any CPU.ActiveCfg = Debug|Any CPU
		{8C6DC3F7-836F-4E31-804D-B3FB003760D6}.Debug|Any CPU.Build.0 = Debug|Any CPU
		{8C6DC3F7-836F-4E31-804D-B3FB003760D6}.Debug|x64.ActiveCfg = Debug|Any CPU
		{8C6DC3F7-836F-4E31-804D-B3FB003760D6}.Debug|x64.Build.0 = Debug|Any CPU
		{8C6DC3F7-836F-4E31-804D-B3FB003760D6}.Debug|x86.ActiveCfg = Debug|Any CPU
		{8C6DC3F7-836F-4E31-804D-B3FB003760D6}.Debug|x86.Build.0 = Debug|Any CPU
		{8C6DC3F7-836F-4E31-804D-B3FB003760D6}.Release|Any CPU.ActiveCfg = Release|Any CPU
		{8C6DC3F7-836F-4E31-804D-B3FB003760D6}.Release|Any CPU.Build.0 = Release|Any CPU
		{8C6DC3F7-836F-4E31-804D-B3FB003760D6}.Release|x64.ActiveCfg = Release|Any CPU
		{8C6DC3F7-836F-4E31-804D-B3FB003760D6}.Release|x64.Build.0 = Release|Any CPU
		{8C6DC3F7-836F-4E31-804D-B3FB003760D6}.Release|x86.ActiveCfg = Release|Any CPU
		{8C6DC3F7-836F-4E31-804D-B3FB003760D6}.Release|x86.Build.0 = Release|Any CPU
		{E3DC85D9-0988-484C-BFDF-D5868E599F26}.Debug|Any CPU.ActiveCfg = Debug|Any CPU
		{E3DC85D9-0988-484C-BFDF-D5868E599F26}.Debug|Any CPU.Build.0 = Debug|Any CPU
		{E3DC85D9-0988-484C-BFDF-D5868E599F26}.Debug|x64.ActiveCfg = Debug|Any CPU
		{E3DC85D9-0988-484C-BFDF-D5868E599F26}.Debug|x64.Build.0 = Debug|Any CPU
		{E3DC85D9-0988-484C-BFDF-D5868E599F26}.Debug|x86.ActiveCfg = Debug|Any CPU
		{E3DC85D9-0988-484C-BFDF-D5868E599F26}.Debug|x86.Build.0 = Debug|Any CPU
		{E3DC85D9-0988-484C-BFDF-D5868E599F26}.Release|Any CPU.ActiveCfg = Release|Any CPU
		{E3DC85D9-0988-484C-BFDF-D5868E599F26}.Release|Any CPU.Build.0 = Release|Any CPU
		{E3DC85D9-0988-484C-BFDF-D5868E599F26}.Release|x64.ActiveCfg = Release|Any CPU
		{E3DC85D9-0988-484C-BFDF-D5868E599F26}.Release|x64.Build.0 = Release|Any CPU
		{E3DC85D9-0988-484C-BFDF-D5868E599F26}.Release|x86.ActiveCfg = Release|Any CPU
		{E3DC85D9-0988-484C-BFDF-D5868E599F26}.Release|x86.Build.0 = Release|Any CPU
		{2A163E88-D1DA-419E-ADA6-BCF02C68B37C}.Debug|Any CPU.ActiveCfg = Debug|Any CPU
		{2A163E88-D1DA-419E-ADA6-BCF02C68B37C}.Debug|Any CPU.Build.0 = Debug|Any CPU
		{2A163E88-D1DA-419E-ADA6-BCF02C68B37C}.Debug|x64.ActiveCfg = Debug|Any CPU
		{2A163E88-D1DA-419E-ADA6-BCF02C68B37C}.Debug|x64.Build.0 = Debug|Any CPU
		{2A163E88-D1DA-419E-ADA6-BCF02C68B37C}.Debug|x86.ActiveCfg = Debug|Any CPU
		{2A163E88-D1DA-419E-ADA6-BCF02C68B37C}.Debug|x86.Build.0 = Debug|Any CPU
		{2A163E88-D1DA-419E-ADA6-BCF02C68B37C}.Release|Any CPU.ActiveCfg = Release|Any CPU
		{2A163E88-D1DA-419E-ADA6-BCF02C68B37C}.Release|Any CPU.Build.0 = Release|Any CPU
		{2A163E88-D1DA-419E-ADA6-BCF02C68B37C}.Release|x64.ActiveCfg = Release|Any CPU
		{2A163E88-D1DA-419E-ADA6-BCF02C68B37C}.Release|x64.Build.0 = Release|Any CPU
		{2A163E88-D1DA-419E-ADA6-BCF02C68B37C}.Release|x86.ActiveCfg = Release|Any CPU
		{2A163E88-D1DA-419E-ADA6-BCF02C68B37C}.Release|x86.Build.0 = Release|Any CPU
	EndGlobalSection
	GlobalSection(SolutionProperties) = preSolution
		HideSolutionNode = FALSE
	EndGlobalSection
	GlobalSection(NestedProjects) = preSolution
		{56D8112E-F13F-4DB4-AC18-B49E31E653F9} = {827E0CD3-B72D-47B6-A68D-7590B98EB39B}
		{E93A106B-4592-4A61-901E-7DA3133BEDA5} = {827E0CD3-B72D-47B6-A68D-7590B98EB39B}
		{5F5E82DA-EBC6-460F-95F6-383D8EB0523E} = {827E0CD3-B72D-47B6-A68D-7590B98EB39B}
		{80F4854D-E752-4C54-ADF8-40D9479A8F9E} = {827E0CD3-B72D-47B6-A68D-7590B98EB39B}
		{B830642A-9288-4074-B6DF-5DC7E1D15977} = {827E0CD3-B72D-47B6-A68D-7590B98EB39B}
		{8C6DC3F7-836F-4E31-804D-B3FB003760D6} = {0AB3BF05-4346-4AA6-1389-037BE0695223}
		{E3DC85D9-0988-484C-BFDF-D5868E599F26} = {07C2787E-EAC7-C090-1BA3-A61EC2A24D84}
		{2A163E88-D1DA-419E-ADA6-BCF02C68B37C} = {0AB3BF05-4346-4AA6-1389-037BE0695223}
	EndGlobalSection
EndGlobal
